
Microsoft Visual Studio Solution File, Format Version 12.00
# Visual Studio Version 16
VisualStudioVersion = 16.0.30523.141
MinimumVisualStudioVersion = 10.0.40219.1
Project("{9A19103F-16F7-4668-BE54-9A1E7A4F7556}") = "UserRegistrationProblem", "UserRegistrationProblem\UserRegistrationProblem.csproj", "{2F0F3A43-DBF2-4911-9F06-57547400B53A}"
EndProject
Project("{FAE04EC0-301F-11D3-BF4B-00C04F79EFBC}") = "UnitTestProject1", "UnitTestProject1\UnitTestProject1.csproj", "{A48F9DE6-F425-497B-B1E1-666865CDB30B}"
EndProject
Global
	GlobalSection(SolutionConfigurationPlatforms) = preSolution
		Debug|Any CPU = Debug|Any CPU
		Release|Any CPU = Release|Any CPU
	EndGlobalSection
	GlobalSection(ProjectConfigurationPlatforms) = postSolution
		{2F0F3A43-DBF2-4911-9F06-57547400B53A}.Debug|Any CPU.ActiveCfg = Debug|Any CPU
		{2F0F3A43-DBF2-4911-9F06-57547400B53A}.Debug|Any CPU.Build.0 = Debug|Any CPU
		{2F0F3A43-DBF2-4911-9F06-57547400B53A}.Release|Any CPU.ActiveCfg = Release|Any CPU
		{2F0F3A43-DBF2-4911-9F06-57547400B53A}.Release|Any CPU.Build.0 = Release|Any CPU
		{A48F9DE6-F425-497B-B1E1-666865CDB30B}.Debug|Any CPU.ActiveCfg = Debug|Any CPU
		{A48F9DE6-F425-497B-B1E1-666865CDB30B}.Debug|Any CPU.Build.0 = Debug|Any CPU
		{A48F9DE6-F425-497B-B1E1-666865CDB30B}.Release|Any CPU.ActiveCfg = Release|Any CPU
		{A48F9DE6-F425-497B-B1E1-666865CDB30B}.Release|Any CPU.Build.0 = Release|Any CPU
	EndGlobalSection
	GlobalSection(SolutionProperties) = preSolution
		HideSolutionNode = FALSE
	EndGlobalSection
	GlobalSection(ExtensibilityGlobals) = postSolution
		SolutionGuid = {F7717D78-357F-426E-8D1C-AC0C6DBA88C1}
	EndGlobalSection
EndGlobal
